
Microsoft Visual Studio Solution File, Format Version 12.00
# Visual Studio 15
VisualStudioVersion = 15.0.27130.2026
MinimumVisualStudioVersion = 10.0.40219.1
Project("{FAE04EC0-301F-11D3-BF4B-00C04F79EFBC}") = "ExcelBubbleChartGenerator", "ExcelBubbleChartGenerator\ExcelBubbleChartGenerator.csproj", "{FA9DB1CD-ACE3-43A2-936B-B7518C56A9C4}"
EndProject
Project("{FAE04EC0-301F-11D3-BF4B-00C04F79EFBC}") = "ChartGeneratorUI", "ChartGeneratorUI\ChartGeneratorUI.csproj", "{007BBC72-CEBF-43BF-9F18-4D3EF600E10B}"
EndProject
Global
	GlobalSection(SolutionConfigurationPlatforms) = preSolution
		Debug|Any CPU = Debug|Any CPU
		Release|Any CPU = Release|Any CPU
	EndGlobalSection
	GlobalSection(ProjectConfigurationPlatforms) = postSolution
		{FA9DB1CD-ACE3-43A2-936B-B7518C56A9C4}.Debug|Any CPU.ActiveCfg = Debug|Any CPU
		{FA9DB1CD-ACE3-43A2-936B-B7518C56A9C4}.Debug|Any CPU.Build.0 = Debug|Any CPU
		{FA9DB1CD-ACE3-43A2-936B-B7518C56A9C4}.Release|Any CPU.ActiveCfg = Release|Any CPU
		{FA9DB1CD-ACE3-43A2-936B-B7518C56A9C4}.Release|Any CPU.Build.0 = Release|Any CPU
		{007BBC72-CEBF-43BF-9F18-4D3EF600E10B}.Debug|Any CPU.ActiveCfg = Debug|Any CPU
		{007BBC72-CEBF-43BF-9F18-4D3EF600E10B}.Debug|Any CPU.Build.0 = Debug|Any CPU
		{007BBC72-CEBF-43BF-9F18-4D3EF600E10B}.Release|Any CPU.ActiveCfg = Release|Any CPU
		{007BBC72-CEBF-43BF-9F18-4D3EF600E10B}.Release|Any CPU.Build.0 = Release|Any CPU
	EndGlobalSection
	GlobalSection(SolutionProperties) = preSolution
		HideSolutionNode = FALSE
	EndGlobalSection
	GlobalSection(ExtensibilityGlobals) = postSolution
		SolutionGuid = {9E8FDDCE-695F-422C-8E00-3CA32D06F4E7}
	EndGlobalSection
EndGlobal
